// !$*UTF8*$!
{
	archiveVersion = 1;
	classes = {
	};
	objectVersion = 46;
	objects = {

/* Begin PBXBuildFile section */
		338AD0881CBFCF0800355E62 /* Card.swift in Sources */ = {isa = PBXBuildFile; fileRef = 338AD0871CBFCF0700355E62 /* Card.swift */; };
		3C743A59B8DD67DA5DC58D1F /* Pods.framework in Frameworks */ = {isa = PBXBuildFile; fileRef = E27D236DE2F334E981C69C06 /* Pods.framework */; };
		80386A341CB7451A0069B8D8 /* AppDelegate.swift in Sources */ = {isa = PBXBuildFile; fileRef = 80386A331CB7451A0069B8D8 /* AppDelegate.swift */; };
		80386A361CB7451A0069B8D8 /* ViewController.swift in Sources */ = {isa = PBXBuildFile; fileRef = 80386A351CB7451A0069B8D8 /* ViewController.swift */; };
		80386A391CB7451A0069B8D8 /* Main.storyboard in Resources */ = {isa = PBXBuildFile; fileRef = 80386A371CB7451A0069B8D8 /* Main.storyboard */; };
		80386A3B1CB7451A0069B8D8 /* Assets.xcassets in Resources */ = {isa = PBXBuildFile; fileRef = 80386A3A1CB7451A0069B8D8 /* Assets.xcassets */; };
		80386A3E1CB7451A0069B8D8 /* LaunchScreen.storyboard in Resources */ = {isa = PBXBuildFile; fileRef = 80386A3C1CB7451A0069B8D8 /* LaunchScreen.storyboard */; };
		80386A491CB7451A0069B8D8 /* cardyTests.swift in Sources */ = {isa = PBXBuildFile; fileRef = 80386A481CB7451A0069B8D8 /* cardyTests.swift */; };
		80386A541CB7451A0069B8D8 /* cardyUITests.swift in Sources */ = {isa = PBXBuildFile; fileRef = 80386A531CB7451A0069B8D8 /* cardyUITests.swift */; };
		804CABFD1CC9237E00AAE4F9 /* addCardVC.swift in Sources */ = {isa = PBXBuildFile; fileRef = 804CABFC1CC9237E00AAE4F9 /* addCardVC.swift */; };
		804CAC391CC92B5C00AAE4F9 /* discoverVC.swift in Sources */ = {isa = PBXBuildFile; fileRef = 804CAC381CC92B5C00AAE4F9 /* discoverVC.swift */; };
		804CAC3B1CC92E1A00AAE4F9 /* tabBarController.swift in Sources */ = {isa = PBXBuildFile; fileRef = 804CAC3A1CC92E1A00AAE4F9 /* tabBarController.swift */; };
		80E444AF1CB75936001A4D49 /* .gitignore in Resources */ = {isa = PBXBuildFile; fileRef = 80E444AE1CB75936001A4D49 /* .gitignore */; };
/* End PBXBuildFile section */

/* Begin PBXContainerItemProxy section */
		80386A451CB7451A0069B8D8 /* PBXContainerItemProxy */ = {
			isa = PBXContainerItemProxy;
			containerPortal = 80386A281CB7451A0069B8D8 /* Project object */;
			proxyType = 1;
			remoteGlobalIDString = 80386A2F1CB7451A0069B8D8;
			remoteInfo = cardy;
		};
		80386A501CB7451A0069B8D8 /* PBXContainerItemProxy */ = {
			isa = PBXContainerItemProxy;
			containerPortal = 80386A281CB7451A0069B8D8 /* Project object */;
			proxyType = 1;
			remoteGlobalIDString = 80386A2F1CB7451A0069B8D8;
			remoteInfo = cardy;
		};
/* End PBXContainerItemProxy section */

/* Begin PBXFileReference section */
		338AD0871CBFCF0700355E62 /* Card.swift */ = {isa = PBXFileReference; fileEncoding = 4; lastKnownFileType = sourcecode.swift; path = Card.swift; sourceTree = "<group>"; };
		80386A301CB7451A0069B8D8 /* cardy.app */ = {isa = PBXFileReference; explicitFileType = wrapper.application; includeInIndex = 0; path = cardy.app; sourceTree = BUILT_PRODUCTS_DIR; };
		80386A331CB7451A0069B8D8 /* AppDelegate.swift */ = {isa = PBXFileReference; lastKnownFileType = sourcecode.swift; path = AppDelegate.swift; sourceTree = "<group>"; };
		80386A351CB7451A0069B8D8 /* ViewController.swift */ = {isa = PBXFileReference; lastKnownFileType = sourcecode.swift; path = ViewController.swift; sourceTree = "<group>"; };
		80386A381CB7451A0069B8D8 /* Base */ = {isa = PBXFileReference; lastKnownFileType = file.storyboard; name = Base; path = Base.lproj/Main.storyboard; sourceTree = "<group>"; };
		80386A3A1CB7451A0069B8D8 /* Assets.xcassets */ = {isa = PBXFileReference; lastKnownFileType = folder.assetcatalog; path = Assets.xcassets; sourceTree = "<group>"; };
		80386A3D1CB7451A0069B8D8 /* Base */ = {isa = PBXFileReference; lastKnownFileType = file.storyboard; name = Base; path = Base.lproj/LaunchScreen.storyboard; sourceTree = "<group>"; };
		80386A3F1CB7451A0069B8D8 /* Info.plist */ = {isa = PBXFileReference; lastKnownFileType = text.plist.xml; path = Info.plist; sourceTree = "<group>"; };
		80386A441CB7451A0069B8D8 /* cardyTests.xctest */ = {isa = PBXFileReference; explicitFileType = wrapper.cfbundle; includeInIndex = 0; path = cardyTests.xctest; sourceTree = BUILT_PRODUCTS_DIR; };
		80386A481CB7451A0069B8D8 /* cardyTests.swift */ = {isa = PBXFileReference; lastKnownFileType = sourcecode.swift; path = cardyTests.swift; sourceTree = "<group>"; };
		80386A4A1CB7451A0069B8D8 /* Info.plist */ = {isa = PBXFileReference; lastKnownFileType = text.plist.xml; path = Info.plist; sourceTree = "<group>"; };
		80386A4F1CB7451A0069B8D8 /* cardyUITests.xctest */ = {isa = PBXFileReference; explicitFileType = wrapper.cfbundle; includeInIndex = 0; path = cardyUITests.xctest; sourceTree = BUILT_PRODUCTS_DIR; };
		80386A531CB7451A0069B8D8 /* cardyUITests.swift */ = {isa = PBXFileReference; lastKnownFileType = sourcecode.swift; path = cardyUITests.swift; sourceTree = "<group>"; };
		80386A551CB7451A0069B8D8 /* Info.plist */ = {isa = PBXFileReference; lastKnownFileType = text.plist.xml; path = Info.plist; sourceTree = "<group>"; };
		804CABFC1CC9237E00AAE4F9 /* addCardVC.swift */ = {isa = PBXFileReference; fileEncoding = 4; lastKnownFileType = sourcecode.swift; path = addCardVC.swift; sourceTree = "<group>"; };
		804CAC381CC92B5C00AAE4F9 /* discoverVC.swift */ = {isa = PBXFileReference; fileEncoding = 4; lastKnownFileType = sourcecode.swift; path = discoverVC.swift; sourceTree = "<group>"; };
		804CAC3A1CC92E1A00AAE4F9 /* tabBarController.swift */ = {isa = PBXFileReference; fileEncoding = 4; lastKnownFileType = sourcecode.swift; path = tabBarController.swift; sourceTree = "<group>"; };
		804CAC3C1CC983D100AAE4F9 /* cardy-Bridging-Header.h */ = {isa = PBXFileReference; lastKnownFileType = sourcecode.c.h; path = "cardy-Bridging-Header.h"; sourceTree = "<group>"; };
		80E444AE1CB75936001A4D49 /* .gitignore */ = {isa = PBXFileReference; fileEncoding = 4; lastKnownFileType = text; path = .gitignore; sourceTree = "<group>"; };
		A71F98E5B4BCF33DFEE83C46 /* Pods.debug.xcconfig */ = {isa = PBXFileReference; includeInIndex = 1; lastKnownFileType = text.xcconfig; name = Pods.debug.xcconfig; path = "Pods/Target Support Files/Pods/Pods.debug.xcconfig"; sourceTree = "<group>"; };
		AE63B0210BD355E81173DE9F /* Pods.release.xcconfig */ = {isa = PBXFileReference; includeInIndex = 1; lastKnownFileType = text.xcconfig; name = Pods.release.xcconfig; path = "Pods/Target Support Files/Pods/Pods.release.xcconfig"; sourceTree = "<group>"; };
		E27D236DE2F334E981C69C06 /* Pods.framework */ = {isa = PBXFileReference; explicitFileType = wrapper.framework; includeInIndex = 0; path = Pods.framework; sourceTree = BUILT_PRODUCTS_DIR; };
/* End PBXFileReference section */

/* Begin PBXFrameworksBuildPhase section */
		80386A2D1CB7451A0069B8D8 /* Frameworks */ = {
			isa = PBXFrameworksBuildPhase;
			buildActionMask = 2147483647;
			files = (
				3C743A59B8DD67DA5DC58D1F /* Pods.framework in Frameworks */,
			);
			runOnlyForDeploymentPostprocessing = 0;
		};
		80386A411CB7451A0069B8D8 /* Frameworks */ = {
			isa = PBXFrameworksBuildPhase;
			buildActionMask = 2147483647;
			files = (
			);
			runOnlyForDeploymentPostprocessing = 0;
		};
		80386A4C1CB7451A0069B8D8 /* Frameworks */ = {
			isa = PBXFrameworksBuildPhase;
			buildActionMask = 2147483647;
			files = (
			);
			runOnlyForDeploymentPostprocessing = 0;
		};
/* End PBXFrameworksBuildPhase section */

/* Begin PBXGroup section */
		2433B0B278DFE4412F0F626D /* Pods */ = {
			isa = PBXGroup;
			children = (
				A71F98E5B4BCF33DFEE83C46 /* Pods.debug.xcconfig */,
				AE63B0210BD355E81173DE9F /* Pods.release.xcconfig */,
			);
			name = Pods;
			sourceTree = "<group>";
		};
		5B5CD250FA7321B6BE351D3F /* Frameworks */ = {
			isa = PBXGroup;
			children = (
				E27D236DE2F334E981C69C06 /* Pods.framework */,
			);
			name = Frameworks;
			sourceTree = "<group>";
		};
		80386A271CB7451A0069B8D8 = {
			isa = PBXGroup;
			children = (
				80E444AE1CB75936001A4D49 /* .gitignore */,
				80386A321CB7451A0069B8D8 /* cardy */,
				80386A471CB7451A0069B8D8 /* cardyTests */,
				80386A521CB7451A0069B8D8 /* cardyUITests */,
				80386A311CB7451A0069B8D8 /* Products */,
				2433B0B278DFE4412F0F626D /* Pods */,
				5B5CD250FA7321B6BE351D3F /* Frameworks */,
			);
			sourceTree = "<group>";
		};
		80386A311CB7451A0069B8D8 /* Products */ = {
			isa = PBXGroup;
			children = (
				80386A301CB7451A0069B8D8 /* cardy.app */,
				80386A441CB7451A0069B8D8 /* cardyTests.xctest */,
				80386A4F1CB7451A0069B8D8 /* cardyUITests.xctest */,
			);
			name = Products;
			sourceTree = "<group>";
		};
		80386A321CB7451A0069B8D8 /* cardy */ = {
			isa = PBXGroup;
			children = (
				80386A331CB7451A0069B8D8 /* AppDelegate.swift */,
				80386A351CB7451A0069B8D8 /* ViewController.swift */,
				338AD0871CBFCF0700355E62 /* Card.swift */,
				80386A371CB7451A0069B8D8 /* Main.storyboard */,
				804CAC3A1CC92E1A00AAE4F9 /* tabBarController.swift */,
				804CAC381CC92B5C00AAE4F9 /* discoverVC.swift */,
				804CABFC1CC9237E00AAE4F9 /* addCardVC.swift */,
				80386A3A1CB7451A0069B8D8 /* Assets.xcassets */,
				80386A3C1CB7451A0069B8D8 /* LaunchScreen.storyboard */,
				80386A3F1CB7451A0069B8D8 /* Info.plist */,
				804CAC3C1CC983D100AAE4F9 /* cardy-Bridging-Header.h */,
			);
			path = cardy;
			sourceTree = "<group>";
		};
		80386A471CB7451A0069B8D8 /* cardyTests */ = {
			isa = PBXGroup;
			children = (
				80386A481CB7451A0069B8D8 /* cardyTests.swift */,
				80386A4A1CB7451A0069B8D8 /* Info.plist */,
			);
			path = cardyTests;
			sourceTree = "<group>";
		};
		80386A521CB7451A0069B8D8 /* cardyUITests */ = {
			isa = PBXGroup;
			children = (
				80386A531CB7451A0069B8D8 /* cardyUITests.swift */,
				80386A551CB7451A0069B8D8 /* Info.plist */,
			);
			path = cardyUITests;
			sourceTree = "<group>";
		};
/* End PBXGroup section */

/* Begin PBXNativeTarget section */
		80386A2F1CB7451A0069B8D8 /* cardy */ = {
			isa = PBXNativeTarget;
			buildConfigurationList = 80386A581CB7451A0069B8D8 /* Build configuration list for PBXNativeTarget "cardy" */;
			buildPhases = (
				5EA926B653AAD26325137696 /* Check Pods Manifest.lock */,
				80386A2C1CB7451A0069B8D8 /* Sources */,
				80386A2D1CB7451A0069B8D8 /* Frameworks */,
				80386A2E1CB7451A0069B8D8 /* Resources */,
				B561FA3A2F62B499A297A196 /* Embed Pods Frameworks */,
				F16BE1F91223874F705DE681 /* Copy Pods Resources */,
			);
			buildRules = (
			);
			dependencies = (
			);
			name = cardy;
			productName = cardy;
			productReference = 80386A301CB7451A0069B8D8 /* cardy.app */;
			productType = "com.apple.product-type.application";
		};
		80386A431CB7451A0069B8D8 /* cardyTests */ = {
			isa = PBXNativeTarget;
			buildConfigurationList = 80386A5B1CB7451A0069B8D8 /* Build configuration list for PBXNativeTarget "cardyTests" */;
			buildPhases = (
				80386A401CB7451A0069B8D8 /* Sources */,
				80386A411CB7451A0069B8D8 /* Frameworks */,
				80386A421CB7451A0069B8D8 /* Resources */,
			);
			buildRules = (
			);
			dependencies = (
				80386A461CB7451A0069B8D8 /* PBXTargetDependency */,
			);
			name = cardyTests;
			productName = cardyTests;
			productReference = 80386A441CB7451A0069B8D8 /* cardyTests.xctest */;
			productType = "com.apple.product-type.bundle.unit-test";
		};
		80386A4E1CB7451A0069B8D8 /* cardyUITests */ = {
			isa = PBXNativeTarget;
			buildConfigurationList = 80386A5E1CB7451A0069B8D8 /* Build configuration list for PBXNativeTarget "cardyUITests" */;
			buildPhases = (
				80386A4B1CB7451A0069B8D8 /* Sources */,
				80386A4C1CB7451A0069B8D8 /* Frameworks */,
				80386A4D1CB7451A0069B8D8 /* Resources */,
			);
			buildRules = (
			);
			dependencies = (
				80386A511CB7451A0069B8D8 /* PBXTargetDependency */,
			);
			name = cardyUITests;
			productName = cardyUITests;
			productReference = 80386A4F1CB7451A0069B8D8 /* cardyUITests.xctest */;
			productType = "com.apple.product-type.bundle.ui-testing";
		};
/* End PBXNativeTarget section */

/* Begin PBXProject section */
		80386A281CB7451A0069B8D8 /* Project object */ = {
			isa = PBXProject;
			attributes = {
				LastSwiftUpdateCheck = 0730;
				LastUpgradeCheck = 0730;
				ORGANIZATIONNAME = "Erick Hernandez";
				TargetAttributes = {
					80386A2F1CB7451A0069B8D8 = {
						CreatedOnToolsVersion = 7.3;
						DevelopmentTeam = 83C6E9F6FU;
					};
					80386A431CB7451A0069B8D8 = {
						CreatedOnToolsVersion = 7.3;
						DevelopmentTeam = 83C6E9F6FU;
						TestTargetID = 80386A2F1CB7451A0069B8D8;
					};
					80386A4E1CB7451A0069B8D8 = {
						CreatedOnToolsVersion = 7.3;
						DevelopmentTeam = 83C6E9F6FU;
						TestTargetID = 80386A2F1CB7451A0069B8D8;
					};
				};
			};
			buildConfigurationList = 80386A2B1CB7451A0069B8D8 /* Build configuration list for PBXProject "cardy" */;
			compatibilityVersion = "Xcode 3.2";
			developmentRegion = English;
			hasScannedForEncodings = 0;
			knownRegions = (
				en,
				Base,
			);
			mainGroup = 80386A271CB7451A0069B8D8;
			productRefGroup = 80386A311CB7451A0069B8D8 /* Products */;
			projectDirPath = "";
			projectRoot = "";
			targets = (
				80386A2F1CB7451A0069B8D8 /* cardy */,
				80386A431CB7451A0069B8D8 /* cardyTests */,
				80386A4E1CB7451A0069B8D8 /* cardyUITests */,
			);
		};
/* End PBXProject section */

/* Begin PBXResourcesBuildPhase section */
		80386A2E1CB7451A0069B8D8 /* Resources */ = {
			isa = PBXResourcesBuildPhase;
			buildActionMask = 2147483647;
			files = (
				80E444AF1CB75936001A4D49 /* .gitignore in Resources */,
				80386A3E1CB7451A0069B8D8 /* LaunchScreen.storyboard in Resources */,
				80386A3B1CB7451A0069B8D8 /* Assets.xcassets in Resources */,
				80386A391CB7451A0069B8D8 /* Main.storyboard in Resources */,
			);
			runOnlyForDeploymentPostprocessing = 0;
		};
		80386A421CB7451A0069B8D8 /* Resources */ = {
			isa = PBXResourcesBuildPhase;
			buildActionMask = 2147483647;
			files = (
			);
			runOnlyForDeploymentPostprocessing = 0;
		};
		80386A4D1CB7451A0069B8D8 /* Resources */ = {
			isa = PBXResourcesBuildPhase;
			buildActionMask = 2147483647;
			files = (
			);
			runOnlyForDeploymentPostprocessing = 0;
		};
/* End PBXResourcesBuildPhase section */

/* Begin PBXShellScriptBuildPhase section */
		5EA926B653AAD26325137696 /* Check Pods Manifest.lock */ = {
			isa = PBXShellScriptBuildPhase;
			buildActionMask = 2147483647;
			files = (
			);
			inputPaths = (
			);
			name = "Check Pods Manifest.lock";
			outputPaths = (
			);
			runOnlyForDeploymentPostprocessing = 0;
			shellPath = /bin/sh;
			shellScript = "diff \"${PODS_ROOT}/../Podfile.lock\" \"${PODS_ROOT}/Manifest.lock\" > /dev/null\nif [[ $? != 0 ]] ; then\n    cat << EOM\nerror: The sandbox is not in sync with the Podfile.lock. Run 'pod install' or update your CocoaPods installation.\nEOM\n    exit 1\nfi\n";
			showEnvVarsInLog = 0;
		};
		B561FA3A2F62B499A297A196 /* Embed Pods Frameworks */ = {
			isa = PBXShellScriptBuildPhase;
			buildActionMask = 2147483647;
			files = (
			);
			inputPaths = (
			);
			name = "Embed Pods Frameworks";
			outputPaths = (
			);
			runOnlyForDeploymentPostprocessing = 0;
			shellPath = /bin/sh;
			shellScript = "\"${SRCROOT}/Pods/Target Support Files/Pods/Pods-frameworks.sh\"\n";
			showEnvVarsInLog = 0;
		};
		F16BE1F91223874F705DE681 /* Copy Pods Resources */ = {
			isa = PBXShellScriptBuildPhase;
			buildActionMask = 2147483647;
			files = (
			);
			inputPaths = (
			);
			name = "Copy Pods Resources";
			outputPaths = (
			);
			runOnlyForDeploymentPostprocessing = 0;
			shellPath = /bin/sh;
			shellScript = "\"${SRCROOT}/Pods/Target Support Files/Pods/Pods-resources.sh\"\n";
			showEnvVarsInLog = 0;
		};
/* End PBXShellScriptBuildPhase section */

/* Begin PBXSourcesBuildPhase section */
		80386A2C1CB7451A0069B8D8 /* Sources */ = {
			isa = PBXSourcesBuildPhase;
			buildActionMask = 2147483647;
			files = (
				80386A361CB7451A0069B8D8 /* ViewController.swift in Sources */,
				804CAC3B1CC92E1A00AAE4F9 /* tabBarController.swift in Sources */,
				338AD0881CBFCF0800355E62 /* Card.swift in Sources */,
				804CAC391CC92B5C00AAE4F9 /* discoverVC.swift in Sources */,
				804CABFD1CC9237E00AAE4F9 /* addCardVC.swift in Sources */,
				80386A341CB7451A0069B8D8 /* AppDelegate.swift in Sources */,
			);
			runOnlyForDeploymentPostprocessing = 0;
		};
		80386A401CB7451A0069B8D8 /* Sources */ = {
			isa = PBXSourcesBuildPhase;
			buildActionMask = 2147483647;
			files = (
				80386A491CB7451A0069B8D8 /* cardyTests.swift in Sources */,
			);
			runOnlyForDeploymentPostprocessing = 0;
		};
		80386A4B1CB7451A0069B8D8 /* Sources */ = {
			isa = PBXSourcesBuildPhase;
			buildActionMask = 2147483647;
			files = (
				80386A541CB7451A0069B8D8 /* cardyUITests.swift in Sources */,
			);
			runOnlyForDeploymentPostprocessing = 0;
		};
/* End PBXSourcesBuildPhase section */

/* Begin PBXTargetDependency section */
		80386A461CB7451A0069B8D8 /* PBXTargetDependency */ = {
			isa = PBXTargetDependency;
			target = 80386A2F1CB7451A0069B8D8 /* cardy */;
			targetProxy = 80386A451CB7451A0069B8D8 /* PBXContainerItemProxy */;
		};
		80386A511CB7451A0069B8D8 /* PBXTargetDependency */ = {
			isa = PBXTargetDependency;
			target = 80386A2F1CB7451A0069B8D8 /* cardy */;
			targetProxy = 80386A501CB7451A0069B8D8 /* PBXContainerItemProxy */;
		};
/* End PBXTargetDependency section */

/* Begin PBXVariantGroup section */
		80386A371CB7451A0069B8D8 /* Main.storyboard */ = {
			isa = PBXVariantGroup;
			children = (
				80386A381CB7451A0069B8D8 /* Base */,
			);
			name = Main.storyboard;
			sourceTree = "<group>";
		};
		80386A3C1CB7451A0069B8D8 /* LaunchScreen.storyboard */ = {
			isa = PBXVariantGroup;
			children = (
				80386A3D1CB7451A0069B8D8 /* Base */,
			);
			name = LaunchScreen.storyboard;
			sourceTree = "<group>";
		};
/* End PBXVariantGroup section */

/* Begin XCBuildConfiguration section */
		80386A561CB7451A0069B8D8 /* Debug */ = {
			isa = XCBuildConfiguration;
			buildSettings = {
				ALWAYS_SEARCH_USER_PATHS = NO;
				CLANG_ANALYZER_NONNULL = YES;
				CLANG_CXX_LANGUAGE_STANDARD = "gnu++0x";
				CLANG_CXX_LIBRARY = "libc++";
				CLANG_ENABLE_MODULES = YES;
				CLANG_ENABLE_OBJC_ARC = YES;
				CLANG_WARN_BOOL_CONVERSION = YES;
				CLANG_WARN_CONSTANT_CONVERSION = YES;
				CLANG_WARN_DIRECT_OBJC_ISA_USAGE = YES_ERROR;
				CLANG_WARN_EMPTY_BODY = YES;
				CLANG_WARN_ENUM_CONVERSION = YES;
				CLANG_WARN_INT_CONVERSION = YES;
				CLANG_WARN_OBJC_ROOT_CLASS = YES_ERROR;
				CLANG_WARN_UNREACHABLE_CODE = YES;
				CLANG_WARN__DUPLICATE_METHOD_MATCH = YES;
				"CODE_SIGN_IDENTITY[sdk=iphoneos*]" = "iPhone Developer";
				COPY_PHASE_STRIP = NO;
				DEBUG_INFORMATION_FORMAT = dwarf;
				ENABLE_STRICT_OBJC_MSGSEND = YES;
				ENABLE_TESTABILITY = YES;
				GCC_C_LANGUAGE_STANDARD = gnu99;
				GCC_DYNAMIC_NO_PIC = NO;
				GCC_NO_COMMON_BLOCKS = YES;
				GCC_OPTIMIZATION_LEVEL = 0;
				GCC_PREPROCESSOR_DEFINITIONS = (
					"DEBUG=1",
					"$(inherited)",
				);
				GCC_WARN_64_TO_32_BIT_CONVERSION = YES;
				GCC_WARN_ABOUT_RETURN_TYPE = YES_ERROR;
				GCC_WARN_UNDECLARED_SELECTOR = YES;
				GCC_WARN_UNINITIALIZED_AUTOS = YES_AGGRESSIVE;
				GCC_WARN_UNUSED_FUNCTION = YES;
				GCC_WARN_UNUSED_VARIABLE = YES;
				IPHONEOS_DEPLOYMENT_TARGET = 9.3;
				MTL_ENABLE_DEBUG_INFO = YES;
				ONLY_ACTIVE_ARCH = YES;
				SDKROOT = iphoneos;
				SWIFT_OPTIMIZATION_LEVEL = "-Onone";
				TARGETED_DEVICE_FAMILY = "1,2";
			};
			name = Debug;
		};
		80386A571CB7451A0069B8D8 /* Release */ = {
			isa = XCBuildConfiguration;
			buildSettings = {
				ALWAYS_SEARCH_USER_PATHS = NO;
				CLANG_ANALYZER_NONNULL = YES;
				CLANG_CXX_LANGUAGE_STANDARD = "gnu++0x";
				CLANG_CXX_LIBRARY = "libc++";
				CLANG_ENABLE_MODULES = YES;
				CLANG_ENABLE_OBJC_ARC = YES;
				CLANG_WARN_BOOL_CONVERSION = YES;
				CLANG_WARN_CONSTANT_CONVERSION = YES;
				CLANG_WARN_DIRECT_OBJC_ISA_USAGE = YES_ERROR;
				CLANG_WARN_EMPTY_BODY = YES;
				CLANG_WARN_ENUM_CONVERSION = YES;
				CLANG_WARN_INT_CONVERSION = YES;
				CLANG_WARN_OBJC_ROOT_CLASS = YES_ERROR;
				CLANG_WARN_UNREACHABLE_CODE = YES;
				CLANG_WARN__DUPLICATE_METHOD_MATCH = YES;
				"CODE_SIGN_IDENTITY[sdk=iphoneos*]" = "iPhone Developer";
				COPY_PHASE_STRIP = NO;
				DEBUG_INFORMATION_FORMAT = "dwarf-with-dsym";
				ENABLE_NS_ASSERTIONS = NO;
				ENABLE_STRICT_OBJC_MSGSEND = YES;
				GCC_C_LANGUAGE_STANDARD = gnu99;
				GCC_NO_COMMON_BLOCKS = YES;
				GCC_WARN_64_TO_32_BIT_CONVERSION = YES;
				GCC_WARN_ABOUT_RETURN_TYPE = YES_ERROR;
				GCC_WARN_UNDECLARED_SELECTOR = YES;
				GCC_WARN_UNINITIALIZED_AUTOS = YES_AGGRESSIVE;
				GCC_WARN_UNUSED_FUNCTION = YES;
				GCC_WARN_UNUSED_VARIABLE = YES;
				IPHONEOS_DEPLOYMENT_TARGET = 9.3;
				MTL_ENABLE_DEBUG_INFO = NO;
				SDKROOT = iphoneos;
				TARGETED_DEVICE_FAMILY = "1,2";
				VALIDATE_PRODUCT = YES;
			};
			name = Release;
		};
		80386A591CB7451A0069B8D8 /* Debug */ = {
			isa = XCBuildConfiguration;
			baseConfigurationReference = A71F98E5B4BCF33DFEE83C46 /* Pods.debug.xcconfig */;
			buildSettings = {
				ASSETCATALOG_COMPILER_APPICON_NAME = AppIcon;
				CLANG_ENABLE_MODULES = YES;
				INFOPLIST_FILE = cardy/Info.plist;
				LD_RUNPATH_SEARCH_PATHS = "$(inherited) @executable_path/Frameworks";
				PRODUCT_BUNDLE_IDENTIFIER = com.erickhernandez.cardy;
				PRODUCT_NAME = "$(TARGET_NAME)";
				SWIFT_OBJC_BRIDGING_HEADER = "cardy/cardy-Bridging-Header.h";
				SWIFT_OPTIMIZATION_LEVEL = "-Onone";
			};
			name = Debug;
		};
		80386A5A1CB7451A0069B8D8 /* Release */ = {
			isa = XCBuildConfiguration;
			baseConfigurationReference = AE63B0210BD355E81173DE9F /* Pods.release.xcconfig */;
			buildSettings = {
				ASSETCATALOG_COMPILER_APPICON_NAME = AppIcon;
				CLANG_ENABLE_MODULES = YES;
				INFOPLIST_FILE = cardy/Info.plist;
				LD_RUNPATH_SEARCH_PATHS = "$(inherited) @executable_path/Frameworks";
				PRODUCT_BUNDLE_IDENTIFIER = com.erickhernandez.cardy;
				PRODUCT_NAME = "$(TARGET_NAME)";
				SWIFT_OBJC_BRIDGING_HEADER = "cardy/cardy-Bridging-Header.h";
			};
			name = Release;
		};
		80386A5C1CB7451A0069B8D8 /* Debug */ = {
			isa = XCBuildConfiguration;
			buildSettings = {
				BUNDLE_LOADER = "$(TEST_HOST)";
				INFOPLIST_FILE = cardyTests/Info.plist;
				LD_RUNPATH_SEARCH_PATHS = "$(inherited) @executable_path/Frameworks @loader_path/Frameworks";
				PRODUCT_BUNDLE_IDENTIFIER = com.erickhernandez.cardyTests;
				PRODUCT_NAME = "$(TARGET_NAME)";
				TEST_HOST = "$(BUILT_PRODUCTS_DIR)/cardy.app/cardy";
			};
			name = Debug;
		};
		80386A5D1CB7451A0069B8D8 /* Release */ = {
			isa = XCBuildConfiguration;
			buildSettings = {
				BUNDLE_LOADER = "$(TEST_HOST)";
				INFOPLIST_FILE = cardyTests/Info.plist;
				LD_RUNPATH_SEARCH_PATHS = "$(inherited) @executable_path/Frameworks @loader_path/Frameworks";
				PRODUCT_BUNDLE_IDENTIFIER = com.erickhernandez.cardyTests;
				PRODUCT_NAME = "$(TARGET_NAME)";
				TEST_HOST = "$(BUILT_PRODUCTS_DIR)/cardy.app/cardy";
			};
			name = Release;
		};
		80386A5F1CB7451A0069B8D8 /* Debug */ = {
			isa = XCBuildConfiguration;
			buildSettings = {
				INFOPLIST_FILE = cardyUITests/Info.plist;
				LD_RUNPATH_SEARCH_PATHS = "$(inherited) @executable_path/Frameworks @loader_path/Frameworks";
				PRODUCT_BUNDLE_IDENTIFIER = com.erickhernandez.cardyUITests;
				PRODUCT_NAME = "$(TARGET_NAME)";
				TEST_TARGET_NAME = cardy;
			};
			name = Debug;
		};
		80386A601CB7451A0069B8D8 /* Release */ = {
			isa = XCBuildConfiguration;
			buildSettings = {
				INFOPLIST_FILE = cardyUITests/Info.plist;
				LD_RUNPATH_SEARCH_PATHS = "$(inherited) @executable_path/Frameworks @loader_path/Frameworks";
				PRODUCT_BUNDLE_IDENTIFIER = com.erickhernandez.cardyUITests;
				PRODUCT_NAME = "$(TARGET_NAME)";
				TEST_TARGET_NAME = cardy;
			};
			name = Release;
		};
/* End XCBuildConfiguration section */

/* Begin XCConfigurationList section */
		80386A2B1CB7451A0069B8D8 /* Build configuration list for PBXProject "cardy" */ = {
			isa = XCConfigurationList;
			buildConfigurations = (
				80386A561CB7451A0069B8D8 /* Debug */,
				80386A571CB7451A0069B8D8 /* Release */,
			);
			defaultConfigurationIsVisible = 0;
			defaultConfigurationName = Release;
		};
		80386A581CB7451A0069B8D8 /* Build configuration list for PBXNativeTarget "cardy" */ = {
			isa = XCConfigurationList;
			buildConfigurations = (
				80386A591CB7451A0069B8D8 /* Debug */,
				80386A5A1CB7451A0069B8D8 /* Release */,
			);
			defaultConfigurationIsVisible = 0;
			defaultConfigurationName = Release;
		};
		80386A5B1CB7451A0069B8D8 /* Build configuration list for PBXNativeTarget "cardyTests" */ = {
			isa = XCConfigurationList;
			buildConfigurations = (
				80386A5C1CB7451A0069B8D8 /* Debug */,
				80386A5D1CB7451A0069B8D8 /* Release */,
			);
			defaultConfigurationIsVisible = 0;
			defaultConfigurationName = Release;
		};
		80386A5E1CB7451A0069B8D8 /* Build configuration list for PBXNativeTarget "cardyUITests" */ = {
			isa = XCConfigurationList;
			buildConfigurations = (
				80386A5F1CB7451A0069B8D8 /* Debug */,
				80386A601CB7451A0069B8D8 /* Release */,
			);
			defaultConfigurationIsVisible = 0;
			defaultConfigurationName = Release;
		};
/* End XCConfigurationList section */
	};
	rootObject = 80386A281CB7451A0069B8D8 /* Project object */;
}
